// !$*UTF8*$!
{
	archiveVersion = 1;
	classes = {
	};
	objectVersion = 46;
	objects = {

/* Begin PBXAggregateTarget section */
		0E7CBF6023274EFA89532BD0 /* ZERO_CHECK */ = {
			isa = PBXAggregateTarget;
			buildConfigurationList = FC157CA93387492EA747FBF7 /* Build configuration list for PBXAggregateTarget "ZERO_CHECK" */;
			buildPhases = (
				A46E403BE4C3446AB30C1112 /* CMake Rules */,
			);
			dependencies = (
			);
			name = ZERO_CHECK;
			productName = ZERO_CHECK;
		};
		39AEF9A96BB847A6A56BD820 /* ALL_BUILD */ = {
			isa = PBXAggregateTarget;
			buildConfigurationList = 89AE15B2FB584D2EB27385E6 /* Build configuration list for PBXAggregateTarget "ALL_BUILD" */;
			buildPhases = (
				C14F6788B4D8412DA89F640E /* CMake Rules */,
			);
			dependencies = (
				FD78AAD1739C4C55960978E4 /* PBXTargetDependency */,
				A3FEF3E877414E9498520950 /* PBXTargetDependency */,
			);
			name = ALL_BUILD;
			productName = ALL_BUILD;
		};
/* End PBXAggregateTarget section */

/* Begin PBXBuildFile section */
		0369EB48919A45FDAB1FA04C /* /Users/marlongeraldorodriguesviana/marlon/Courses/SDC/CarND-Extended-Kalman-Filter-Project/src/tools.cpp */ = {isa = PBXBuildFile; fileRef = 1A2F4DB13E5845E199231213 /* /Users/marlongeraldorodriguesviana/marlon/Courses/SDC/CarND-Extended-Kalman-Filter-Project/src/tools.cpp */; };
		1D38DFC9DA9F4540A696D6A5 /* /Users/marlongeraldorodriguesviana/marlon/Courses/SDC/CarND-Extended-Kalman-Filter-Project/src/kalman_filter.cpp */ = {isa = PBXBuildFile; fileRef = 1359DD2568A54C218F2B5942 /* /Users/marlongeraldorodriguesviana/marlon/Courses/SDC/CarND-Extended-Kalman-Filter-Project/src/kalman_filter.cpp */; };
		6762E05557734A7A837953D1 /* /Users/marlongeraldorodriguesviana/marlon/Courses/SDC/CarND-Extended-Kalman-Filter-Project/CMakeLists.txt */ = {isa = PBXBuildFile; fileRef = C5D44F8B4E0C4B4BBD481699 /* /Users/marlongeraldorodriguesviana/marlon/Courses/SDC/CarND-Extended-Kalman-Filter-Project/CMakeLists.txt */; };
		B76F95F8F7FB467A8D4A4989 /* /Users/marlongeraldorodriguesviana/marlon/Courses/SDC/CarND-Extended-Kalman-Filter-Project/src/main.cpp */ = {isa = PBXBuildFile; fileRef = A9D456F7CCAA4F749ABE9F43 /* /Users/marlongeraldorodriguesviana/marlon/Courses/SDC/CarND-Extended-Kalman-Filter-Project/src/main.cpp */; };
		CBE37683EDDF4DC0BA76F488 /* /Users/marlongeraldorodriguesviana/marlon/Courses/SDC/CarND-Extended-Kalman-Filter-Project/src/FusionEKF.cpp */ = {isa = PBXBuildFile; fileRef = 74F94E4E3FB847C1B4977FD8 /* /Users/marlongeraldorodriguesviana/marlon/Courses/SDC/CarND-Extended-Kalman-Filter-Project/src/FusionEKF.cpp */; };
/* End PBXBuildFile section */

/* Begin PBXBuildStyle section */
		1D924E88314B48AE8F7D1626 /* RelWithDebInfo */ = {
			isa = PBXBuildStyle;
			buildSettings = {
				COPY_PHASE_STRIP = NO;
			};
			name = RelWithDebInfo;
		};
		3C6E851A520A4F14A49BE0D7 = {
			isa = PBXBuildStyle;
		};
		990E83559799409EB9902904 /* Release */ = {
			isa = PBXBuildStyle;
			buildSettings = {
				COPY_PHASE_STRIP = NO;
			};
			name = Release;
		};
		B78D6B6D5FCA43C6973A8AF2 /* Debug */ = {
			isa = PBXBuildStyle;
			buildSettings = {
				COPY_PHASE_STRIP = NO;
			};
			name = Debug;
		};
		EE63D7969ED04A1887E9AF44 /* MinSizeRel */ = {
			isa = PBXBuildStyle;
			buildSettings = {
				COPY_PHASE_STRIP = NO;
			};
			name = MinSizeRel;
		};
/* End PBXBuildStyle section */

/* Begin PBXContainerItemProxy section */
		65E81D7F2FA3429F87B10B45 /* PBXContainerItemProxy */ = {
			isa = PBXContainerItemProxy;
			containerPortal = 648F81C3847F4B4EB9A76257 /* Project object */;
			proxyType = 1;
			remoteGlobalIDString = 0E7CBF6023274EFA89532BD0;
			remoteInfo = ZERO_CHECK;
		};
		7B36563D8FF045E8B1156518 /* PBXContainerItemProxy */ = {
			isa = PBXContainerItemProxy;
			containerPortal = 648F81C3847F4B4EB9A76257 /* Project object */;
			proxyType = 1;
			remoteGlobalIDString = B83D28FB6BF94BDAA8A0D779;
			remoteInfo = ExtendedKF;
		};
		92BE668393DD42F0AE7857E8 /* PBXContainerItemProxy */ = {
			isa = PBXContainerItemProxy;
			containerPortal = 648F81C3847F4B4EB9A76257 /* Project object */;
			proxyType = 1;
			remoteGlobalIDString = 0E7CBF6023274EFA89532BD0;
			remoteInfo = ZERO_CHECK;
		};
/* End PBXContainerItemProxy section */

/* Begin PBXFileReference section */
		1359DD2568A54C218F2B5942 /* /Users/marlongeraldorodriguesviana/marlon/Courses/SDC/CarND-Extended-Kalman-Filter-Project/src/kalman_filter.cpp */ = {isa = PBXFileReference; explicitFileType = sourcecode.cpp.cpp; fileEncoding = 4; name = kalman_filter.cpp; path = src/kalman_filter.cpp; sourceTree = SOURCE_ROOT; };
		1A2F4DB13E5845E199231213 /* /Users/marlongeraldorodriguesviana/marlon/Courses/SDC/CarND-Extended-Kalman-Filter-Project/src/tools.cpp */ = {isa = PBXFileReference; explicitFileType = sourcecode.cpp.cpp; fileEncoding = 4; name = tools.cpp; path = src/tools.cpp; sourceTree = SOURCE_ROOT; };
		1CB24CC4281B46C0AE2321BB /* ExtendedKF */ = {isa = PBXFileReference; explicitFileType = "compiled.mach-o.executable"; path = ExtendedKF; sourceTree = BUILT_PRODUCTS_DIR; };
		68157A5907044BDA8B5F5469 /* /Users/marlongeraldorodriguesviana/marlon/Courses/SDC/CarND-Extended-Kalman-Filter-Project/CMakeLists.txt */ = {isa = PBXFileReference; explicitFileType = sourcecode.text; fileEncoding = 4; name = CMakeLists.txt; path = CMakeLists.txt; sourceTree = SOURCE_ROOT; };
		74F94E4E3FB847C1B4977FD8 /* /Users/marlongeraldorodriguesviana/marlon/Courses/SDC/CarND-Extended-Kalman-Filter-Project/src/FusionEKF.cpp */ = {isa = PBXFileReference; explicitFileType = sourcecode.cpp.cpp; fileEncoding = 4; name = FusionEKF.cpp; path = src/FusionEKF.cpp; sourceTree = SOURCE_ROOT; };
		A7416D6ECD8C4B0AAFDE8ACD /* /Users/marlongeraldorodriguesviana/marlon/Courses/SDC/CarND-Extended-Kalman-Filter-Project/CMakeLists.txt */ = {isa = PBXFileReference; explicitFileType = sourcecode.text; fileEncoding = 4; name = CMakeLists.txt; path = CMakeLists.txt; sourceTree = SOURCE_ROOT; };
		A9D456F7CCAA4F749ABE9F43 /* /Users/marlongeraldorodriguesviana/marlon/Courses/SDC/CarND-Extended-Kalman-Filter-Project/src/main.cpp */ = {isa = PBXFileReference; explicitFileType = sourcecode.cpp.cpp; fileEncoding = 4; name = main.cpp; path = src/main.cpp; sourceTree = SOURCE_ROOT; };
		C5D44F8B4E0C4B4BBD481699 /* /Users/marlongeraldorodriguesviana/marlon/Courses/SDC/CarND-Extended-Kalman-Filter-Project/CMakeLists.txt */ = {isa = PBXFileReference; explicitFileType = sourcecode.text; fileEncoding = 4; name = CMakeLists.txt; path = CMakeLists.txt; sourceTree = SOURCE_ROOT; };
/* End PBXFileReference section */

/* Begin PBXGroup section */
		032F91BD15024BC6BD378BDC /* ExtendedKF */ = {
			isa = PBXGroup;
			children = (
				DB5785B50DBD4AE7B42C1B7A /* Source Files */,
				C5D44F8B4E0C4B4BBD481699 /* /Users/marlongeraldorodriguesviana/marlon/Courses/SDC/CarND-Extended-Kalman-Filter-Project/CMakeLists.txt */,
			);
			name = ExtendedKF;
			sourceTree = "<group>";
		};
		2DB9EABED5394E8FB7FB0C71 /* ALL_BUILD */ = {
			isa = PBXGroup;
			children = (
				45DD32605B8F408286084C85 /* CMake Rules */,
				68157A5907044BDA8B5F5469 /* /Users/marlongeraldorodriguesviana/marlon/Courses/SDC/CarND-Extended-Kalman-Filter-Project/CMakeLists.txt */,
			);
			name = ALL_BUILD;
			sourceTree = "<group>";
		};
		366997A73E724CC78D5FAC0F /* CMake Rules */ = {
			isa = PBXGroup;
			children = (
			);
			name = "CMake Rules";
			sourceTree = "<group>";
		};
		45DD32605B8F408286084C85 /* CMake Rules */ = {
			isa = PBXGroup;
			children = (
			);
			name = "CMake Rules";
			sourceTree = "<group>";
		};
		8785DE9C60F7419E98D9FA3B /* Sources */ = {
			isa = PBXGroup;
			children = (
				032F91BD15024BC6BD378BDC /* ExtendedKF */,
				2DB9EABED5394E8FB7FB0C71 /* ALL_BUILD */,
				CA45A53AD17E4EA8ACDE371F /* ZERO_CHECK */,
			);
			name = Sources;
			sourceTree = "<group>";
		};
		B7BC129BE8AD426CB069453D /* Products */ = {
			isa = PBXGroup;
			children = (
				1CB24CC4281B46C0AE2321BB /* ExtendedKF */,
			);
			name = Products;
			sourceTree = "<group>";
		};
		BB1F2FAD61AE4F49B0936DDC /* Resources */ = {
			isa = PBXGroup;
			children = (
			);
			name = Resources;
			sourceTree = "<group>";
		};
		CA45A53AD17E4EA8ACDE371F /* ZERO_CHECK */ = {
			isa = PBXGroup;
			children = (
				366997A73E724CC78D5FAC0F /* CMake Rules */,
				A7416D6ECD8C4B0AAFDE8ACD /* /Users/marlongeraldorodriguesviana/marlon/Courses/SDC/CarND-Extended-Kalman-Filter-Project/CMakeLists.txt */,
			);
			name = ZERO_CHECK;
			sourceTree = "<group>";
		};
		DB5785B50DBD4AE7B42C1B7A /* Source Files */ = {
			isa = PBXGroup;
			children = (
				74F94E4E3FB847C1B4977FD8 /* /Users/marlongeraldorodriguesviana/marlon/Courses/SDC/CarND-Extended-Kalman-Filter-Project/src/FusionEKF.cpp */,
				1359DD2568A54C218F2B5942 /* /Users/marlongeraldorodriguesviana/marlon/Courses/SDC/CarND-Extended-Kalman-Filter-Project/src/kalman_filter.cpp */,
				A9D456F7CCAA4F749ABE9F43 /* /Users/marlongeraldorodriguesviana/marlon/Courses/SDC/CarND-Extended-Kalman-Filter-Project/src/main.cpp */,
				1A2F4DB13E5845E199231213 /* /Users/marlongeraldorodriguesviana/marlon/Courses/SDC/CarND-Extended-Kalman-Filter-Project/src/tools.cpp */,
			);
			name = "Source Files";
			sourceTree = "<group>";
		};
		F45BB1AF19E34C0DBFAC7491 = {
			isa = PBXGroup;
			children = (
				8785DE9C60F7419E98D9FA3B /* Sources */,
				BB1F2FAD61AE4F49B0936DDC /* Resources */,
				B7BC129BE8AD426CB069453D /* Products */,
			);
			sourceTree = "<group>";
		};
/* End PBXGroup section */

/* Begin PBXNativeTarget section */
		B83D28FB6BF94BDAA8A0D779 /* ExtendedKF */ = {
			isa = PBXNativeTarget;
			buildConfigurationList = 891C4A6DDE054D2AB846BAB4 /* Build configuration list for PBXNativeTarget "ExtendedKF" */;
			buildPhases = (
				76E7A76ABCA147729966DF4F /* Sources */,
			);
			buildRules = (
			);
			dependencies = (
				CAB61E92BE144DF69116C03D /* PBXTargetDependency */,
			);
			name = ExtendedKF;
			productName = ExtendedKF;
			productReference = 1CB24CC4281B46C0AE2321BB /* ExtendedKF */;
			productType = "com.apple.product-type.tool";
		};
/* End PBXNativeTarget section */

/* Begin PBXProject section */
		648F81C3847F4B4EB9A76257 /* Project object */ = {
			isa = PBXProject;
			attributes = {
				BuildIndependentTargetsInParallel = YES;
				LastUpgradeCheck = 0830;
			};
			buildConfigurationList = 9266928C089C4272B233FCE2 /* Build configuration list for PBXProject "ExtendedKF" */;
			buildSettings = {
			};
			buildStyles = (
				B78D6B6D5FCA43C6973A8AF2 /* Debug */,
				990E83559799409EB9902904 /* Release */,
				EE63D7969ED04A1887E9AF44 /* MinSizeRel */,
				1D924E88314B48AE8F7D1626 /* RelWithDebInfo */,
			);
			compatibilityVersion = "Xcode 3.2";
			hasScannedForEncodings = 0;
			mainGroup = F45BB1AF19E34C0DBFAC7491;
			projectDirPath = .;
			projectRoot = "";
			targets = (
				39AEF9A96BB847A6A56BD820 /* ALL_BUILD */,
				B83D28FB6BF94BDAA8A0D779 /* ExtendedKF */,
				0E7CBF6023274EFA89532BD0 /* ZERO_CHECK */,
			);
		};
/* End PBXProject section */

/* Begin PBXShellScriptBuildPhase section */
		A46E403BE4C3446AB30C1112 /* CMake Rules */ = {
			isa = PBXShellScriptBuildPhase;
			buildActionMask = 2147483647;
			files = (
			);
			name = "CMake Rules";
			runOnlyForDeploymentPostprocessing = 0;
			shellPath = /bin/sh;
			shellScript = "make -C /Users/marlongeraldorodriguesviana/marlon/Courses/SDC/CarND-Extended-Kalman-Filter-Project -f /Users/marlongeraldorodriguesviana/marlon/Courses/SDC/CarND-Extended-Kalman-Filter-Project/CMakeScripts/ZERO_CHECK_cmakeRulesBuildPhase.make$CONFIGURATION all";
			showEnvVarsInLog = 0;
		};
		C14F6788B4D8412DA89F640E /* CMake Rules */ = {
			isa = PBXShellScriptBuildPhase;
			buildActionMask = 2147483647;
			files = (
			);
			name = "CMake Rules";
			runOnlyForDeploymentPostprocessing = 0;
			shellPath = /bin/sh;
			shellScript = "make -C /Users/marlongeraldorodriguesviana/marlon/Courses/SDC/CarND-Extended-Kalman-Filter-Project -f /Users/marlongeraldorodriguesviana/marlon/Courses/SDC/CarND-Extended-Kalman-Filter-Project/CMakeScripts/ALL_BUILD_cmakeRulesBuildPhase.make$CONFIGURATION all";
			showEnvVarsInLog = 0;
		};
		E35A9067B5B244778C324208 = {
			isa = PBXShellScriptBuildPhase;
			buildActionMask = 2147483647;
			files = (
			);
			inputPaths = (
			);
			outputPaths = (
			);
			runOnlyForDeploymentPostprocessing = 0;
			shellPath = /bin/sh;
			shellScript = "# shell script goes here
exit 0";
			showEnvVarsInLog = 0;
		};
		FA4A65766D724FF09EEE3EE6 = {
			isa = PBXShellScriptBuildPhase;
			buildActionMask = 2147483647;
			files = (
			);
			inputPaths = (
			);
			outputPaths = (
			);
			runOnlyForDeploymentPostprocessing = 0;
			shellPath = /bin/sh;
			shellScript = "# shell script goes here
exit 0";
			showEnvVarsInLog = 0;
		};
/* End PBXShellScriptBuildPhase section */

/* Begin PBXSourcesBuildPhase section */
		76E7A76ABCA147729966DF4F /* Sources */ = {
			isa = PBXSourcesBuildPhase;
			buildActionMask = 2147483647;
			files = (
				CBE37683EDDF4DC0BA76F488 /* /Users/marlongeraldorodriguesviana/marlon/Courses/SDC/CarND-Extended-Kalman-Filter-Project/src/FusionEKF.cpp */,
				1D38DFC9DA9F4540A696D6A5 /* /Users/marlongeraldorodriguesviana/marlon/Courses/SDC/CarND-Extended-Kalman-Filter-Project/src/kalman_filter.cpp */,
				B76F95F8F7FB467A8D4A4989 /* /Users/marlongeraldorodriguesviana/marlon/Courses/SDC/CarND-Extended-Kalman-Filter-Project/src/main.cpp */,
				0369EB48919A45FDAB1FA04C /* /Users/marlongeraldorodriguesviana/marlon/Courses/SDC/CarND-Extended-Kalman-Filter-Project/src/tools.cpp */,
			);
			runOnlyForDeploymentPostprocessing = 0;
		};
/* End PBXSourcesBuildPhase section */

/* Begin PBXTargetDependency section */
		A3FEF3E877414E9498520950 /* PBXTargetDependency */ = {
			isa = PBXTargetDependency;
			target = 0E7CBF6023274EFA89532BD0 /* ZERO_CHECK */;
			targetProxy = 65E81D7F2FA3429F87B10B45 /* PBXContainerItemProxy */;
		};
		CAB61E92BE144DF69116C03D /* PBXTargetDependency */ = {
			isa = PBXTargetDependency;
			target = 0E7CBF6023274EFA89532BD0 /* ZERO_CHECK */;
			targetProxy = 92BE668393DD42F0AE7857E8 /* PBXContainerItemProxy */;
		};
		FD78AAD1739C4C55960978E4 /* PBXTargetDependency */ = {
			isa = PBXTargetDependency;
			target = B83D28FB6BF94BDAA8A0D779 /* ExtendedKF */;
			targetProxy = 7B36563D8FF045E8B1156518 /* PBXContainerItemProxy */;
		};
/* End PBXTargetDependency section */

/* Begin XCBuildConfiguration section */
		25699D25F70048D3A03B27AB /* RelWithDebInfo */ = {
			isa = XCBuildConfiguration;
			buildSettings = {
				COMBINE_HIDPI_IMAGES = YES;
				EXECUTABLE_PREFIX = "";
				EXECUTABLE_SUFFIX = "";
				GCC_GENERATE_DEBUGGING_SYMBOLS = YES;
				GCC_INLINES_ARE_PRIVATE_EXTERN = NO;
				GCC_OPTIMIZATION_LEVEL = 2;
				GCC_PREPROCESSOR_DEFINITIONS = ("'CMAKE_INTDIR=\"$(CONFIGURATION)$(EFFECTIVE_PLATFORM_NAME)\"'");
				GCC_SYMBOLS_PRIVATE_EXTERN = NO;
				HEADER_SEARCH_PATHS = (/usr/local/include,/usr/local/opt/openssl/include);
				INSTALL_PATH = "";
				LD_RUNPATH_SEARCH_PATHS = "/usr/local/lib /usr/local/opt/openssl/lib /usr/local/Cellar/libuv/1.11.0/lib";
				LIBRARY_SEARCH_PATHS = " /usr/local/lib/$(CONFIGURATION)$(EFFECTIVE_PLATFORM_NAME) /usr/local/lib /usr/local/opt/openssl/lib/$(CONFIGURATION)$(EFFECTIVE_PLATFORM_NAME) /usr/local/opt/openssl/lib /usr/local/Cellar/libuv/1.11.0/lib/$(CONFIGURATION)$(EFFECTIVE_PLATFORM_NAME) /usr/local/Cellar/libuv/1.11.0/lib";
				OTHER_CPLUSPLUSFLAGS = "       -DNDEBUG -I/usr/local/include -I/usr/local/opt/openssl/include    -std=c++11";
				OTHER_LDFLAGS = " -Wl,-search_paths_first -Wl,-headerpad_max_install_names  -lz -lssl -luv -luWS";
				OTHER_REZFLAGS = "";
				PRODUCT_NAME = ExtendedKF;
				SECTORDER_FLAGS = "";
				SYMROOT = "/Users/marlongeraldorodriguesviana/marlon/Courses/SDC/CarND-Extended-Kalman-Filter-Project";
				USE_HEADERMAP = NO;
				WARNING_CFLAGS = ("-Wmost","-Wno-four-char-constants","-Wno-unknown-pragmas","$(inherited)");
			};
			name = RelWithDebInfo;
		};
		30112CCDAA814CCAB51AB640 /* Release */ = {
			isa = XCBuildConfiguration;
			buildSettings = {
				COMBINE_HIDPI_IMAGES = YES;
				GCC_GENERATE_DEBUGGING_SYMBOLS = YES;
				GCC_INLINES_ARE_PRIVATE_EXTERN = NO;
				GCC_OPTIMIZATION_LEVEL = 0;
				GCC_PREPROCESSOR_DEFINITIONS = ("'CMAKE_INTDIR=\"$(CONFIGURATION)$(EFFECTIVE_PLATFORM_NAME)\"'");
				GCC_SYMBOLS_PRIVATE_EXTERN = NO;
				HEADER_SEARCH_PATHS = (/usr/local/include,/usr/local/opt/openssl/include);
				INSTALL_PATH = "";
				OTHER_LDFLAGS = " ";
				OTHER_REZFLAGS = "";
				PRODUCT_NAME = ZERO_CHECK;
				SECTORDER_FLAGS = "";
				SYMROOT = "/Users/marlongeraldorodriguesviana/marlon/Courses/SDC/CarND-Extended-Kalman-Filter-Project";
				USE_HEADERMAP = NO;
				WARNING_CFLAGS = ("-Wmost","-Wno-four-char-constants","-Wno-unknown-pragmas","$(inherited)");
			};
			name = Release;
		};
		40C1DAA4D0374E68A33FEDD4 /* MinSizeRel */ = {
			isa = XCBuildConfiguration;
			buildSettings = {
				COMBINE_HIDPI_IMAGES = YES;
				GCC_GENERATE_DEBUGGING_SYMBOLS = YES;
				GCC_INLINES_ARE_PRIVATE_EXTERN = NO;
				GCC_OPTIMIZATION_LEVEL = 0;
				GCC_PREPROCESSOR_DEFINITIONS = ("'CMAKE_INTDIR=\"$(CONFIGURATION)$(EFFECTIVE_PLATFORM_NAME)\"'");
				GCC_SYMBOLS_PRIVATE_EXTERN = NO;
				HEADER_SEARCH_PATHS = (/usr/local/include,/usr/local/opt/openssl/include);
				INSTALL_PATH = "";
				OTHER_LDFLAGS = " ";
				OTHER_REZFLAGS = "";
				PRODUCT_NAME = ALL_BUILD;
				SECTORDER_FLAGS = "";
				SYMROOT = "/Users/marlongeraldorodriguesviana/marlon/Courses/SDC/CarND-Extended-Kalman-Filter-Project";
				USE_HEADERMAP = NO;
				WARNING_CFLAGS = ("-Wmost","-Wno-four-char-constants","-Wno-unknown-pragmas","$(inherited)");
			};
			name = MinSizeRel;
		};
		547DE384E9CD414887D35140 /* Debug */ = {
			isa = XCBuildConfiguration;
			buildSettings = {
				ONLY_ACTIVE_ARCH = YES;
				SDKROOT = /Applications/Xcode.app/Contents/Developer/Platforms/MacOSX.platform/Developer/SDKs/MacOSX10.12.sdk;
				SYMROOT = "/Users/marlongeraldorodriguesviana/marlon/Courses/SDC/CarND-Extended-Kalman-Filter-Project/build";
			};
			name = Debug;
		};
		687E33F241DF41D294301024 /* Debug */ = {
			isa = XCBuildConfiguration;
			buildSettings = {
				COMBINE_HIDPI_IMAGES = YES;
				GCC_GENERATE_DEBUGGING_SYMBOLS = YES;
				GCC_INLINES_ARE_PRIVATE_EXTERN = NO;
				GCC_OPTIMIZATION_LEVEL = 0;
				GCC_PREPROCESSOR_DEFINITIONS = ("'CMAKE_INTDIR=\"$(CONFIGURATION)$(EFFECTIVE_PLATFORM_NAME)\"'");
				GCC_SYMBOLS_PRIVATE_EXTERN = NO;
				HEADER_SEARCH_PATHS = (/usr/local/include,/usr/local/opt/openssl/include);
				INSTALL_PATH = "";
				OTHER_LDFLAGS = " ";
				OTHER_REZFLAGS = "";
				PRODUCT_NAME = ALL_BUILD;
				SECTORDER_FLAGS = "";
				SYMROOT = "/Users/marlongeraldorodriguesviana/marlon/Courses/SDC/CarND-Extended-Kalman-Filter-Project";
				USE_HEADERMAP = NO;
				WARNING_CFLAGS = ("-Wmost","-Wno-four-char-constants","-Wno-unknown-pragmas","$(inherited)");
			};
			name = Debug;
		};
		6EC8654F902142E2BE4FD4CF /* RelWithDebInfo */ = {
			isa = XCBuildConfiguration;
			buildSettings = {
				COMBINE_HIDPI_IMAGES = YES;
				GCC_GENERATE_DEBUGGING_SYMBOLS = YES;
				GCC_INLINES_ARE_PRIVATE_EXTERN = NO;
				GCC_OPTIMIZATION_LEVEL = 0;
				GCC_PREPROCESSOR_DEFINITIONS = ("'CMAKE_INTDIR=\"$(CONFIGURATION)$(EFFECTIVE_PLATFORM_NAME)\"'");
				GCC_SYMBOLS_PRIVATE_EXTERN = NO;
				HEADER_SEARCH_PATHS = (/usr/local/include,/usr/local/opt/openssl/include);
				INSTALL_PATH = "";
				OTHER_LDFLAGS = " ";
				OTHER_REZFLAGS = "";
				PRODUCT_NAME = ZERO_CHECK;
				SECTORDER_FLAGS = "";
				SYMROOT = "/Users/marlongeraldorodriguesviana/marlon/Courses/SDC/CarND-Extended-Kalman-Filter-Project";
				USE_HEADERMAP = NO;
				WARNING_CFLAGS = ("-Wmost","-Wno-four-char-constants","-Wno-unknown-pragmas","$(inherited)");
			};
			name = RelWithDebInfo;
		};
		73623963EF4A45B1AAF92EC2 /* RelWithDebInfo */ = {
			isa = XCBuildConfiguration;
			buildSettings = {
				COMBINE_HIDPI_IMAGES = YES;
				GCC_GENERATE_DEBUGGING_SYMBOLS = YES;
				GCC_INLINES_ARE_PRIVATE_EXTERN = NO;
				GCC_OPTIMIZATION_LEVEL = 0;
				GCC_PREPROCESSOR_DEFINITIONS = ("'CMAKE_INTDIR=\"$(CONFIGURATION)$(EFFECTIVE_PLATFORM_NAME)\"'");
				GCC_SYMBOLS_PRIVATE_EXTERN = NO;
				HEADER_SEARCH_PATHS = (/usr/local/include,/usr/local/opt/openssl/include);
				INSTALL_PATH = "";
				OTHER_LDFLAGS = " ";
				OTHER_REZFLAGS = "";
				PRODUCT_NAME = ALL_BUILD;
				SECTORDER_FLAGS = "";
				SYMROOT = "/Users/marlongeraldorodriguesviana/marlon/Courses/SDC/CarND-Extended-Kalman-Filter-Project";
				USE_HEADERMAP = NO;
				WARNING_CFLAGS = ("-Wmost","-Wno-four-char-constants","-Wno-unknown-pragmas","$(inherited)");
			};
			name = RelWithDebInfo;
		};
		8D6B20418DA24FB58AE34C33 /* Release */ = {
			isa = XCBuildConfiguration;
			buildSettings = {
				ONLY_ACTIVE_ARCH = YES;
				SDKROOT = /Applications/Xcode.app/Contents/Developer/Platforms/MacOSX.platform/Developer/SDKs/MacOSX10.12.sdk;
				SYMROOT = "/Users/marlongeraldorodriguesviana/marlon/Courses/SDC/CarND-Extended-Kalman-Filter-Project/build";
			};
			name = Release;
		};
		8F05B09E1A1C4547A54564AF /* Release */ = {
			isa = XCBuildConfiguration;
			buildSettings = {
				COMBINE_HIDPI_IMAGES = YES;
				GCC_GENERATE_DEBUGGING_SYMBOLS = YES;
				GCC_INLINES_ARE_PRIVATE_EXTERN = NO;
				GCC_OPTIMIZATION_LEVEL = 0;
				GCC_PREPROCESSOR_DEFINITIONS = ("'CMAKE_INTDIR=\"$(CONFIGURATION)$(EFFECTIVE_PLATFORM_NAME)\"'");
				GCC_SYMBOLS_PRIVATE_EXTERN = NO;
				HEADER_SEARCH_PATHS = (/usr/local/include,/usr/local/opt/openssl/include);
				INSTALL_PATH = "";
				OTHER_LDFLAGS = " ";
				OTHER_REZFLAGS = "";
				PRODUCT_NAME = ALL_BUILD;
				SECTORDER_FLAGS = "";
				SYMROOT = "/Users/marlongeraldorodriguesviana/marlon/Courses/SDC/CarND-Extended-Kalman-Filter-Project";
				USE_HEADERMAP = NO;
				WARNING_CFLAGS = ("-Wmost","-Wno-four-char-constants","-Wno-unknown-pragmas","$(inherited)");
			};
			name = Release;
		};
		9029322C0D314E0491B0CBCD /* MinSizeRel */ = {
			isa = XCBuildConfiguration;
			buildSettings = {
				COMBINE_HIDPI_IMAGES = YES;
				EXECUTABLE_PREFIX = "";
				EXECUTABLE_SUFFIX = "";
				GCC_GENERATE_DEBUGGING_SYMBOLS = NO;
				GCC_INLINES_ARE_PRIVATE_EXTERN = NO;
				GCC_OPTIMIZATION_LEVEL = s;
				GCC_PREPROCESSOR_DEFINITIONS = ("'CMAKE_INTDIR=\"$(CONFIGURATION)$(EFFECTIVE_PLATFORM_NAME)\"'");
				GCC_SYMBOLS_PRIVATE_EXTERN = NO;
				HEADER_SEARCH_PATHS = (/usr/local/include,/usr/local/opt/openssl/include);
				INSTALL_PATH = "";
				LD_RUNPATH_SEARCH_PATHS = "/usr/local/lib /usr/local/opt/openssl/lib /usr/local/Cellar/libuv/1.11.0/lib";
				LIBRARY_SEARCH_PATHS = " /usr/local/lib/$(CONFIGURATION)$(EFFECTIVE_PLATFORM_NAME) /usr/local/lib /usr/local/opt/openssl/lib/$(CONFIGURATION)$(EFFECTIVE_PLATFORM_NAME) /usr/local/opt/openssl/lib /usr/local/Cellar/libuv/1.11.0/lib/$(CONFIGURATION)$(EFFECTIVE_PLATFORM_NAME) /usr/local/Cellar/libuv/1.11.0/lib";
				OTHER_CPLUSPLUSFLAGS = "    -DNDEBUG -I/usr/local/include -I/usr/local/opt/openssl/include    -std=c++11";
				OTHER_LDFLAGS = " -Wl,-search_paths_first -Wl,-headerpad_max_install_names  -lz -lssl -luv -luWS";
				OTHER_REZFLAGS = "";
				PRODUCT_NAME = ExtendedKF;
				SECTORDER_FLAGS = "";
				SYMROOT = "/Users/marlongeraldorodriguesviana/marlon/Courses/SDC/CarND-Extended-Kalman-Filter-Project";
				USE_HEADERMAP = NO;
				WARNING_CFLAGS = ("-Wmost","-Wno-four-char-constants","-Wno-unknown-pragmas","$(inherited)");
			};
			name = MinSizeRel;
		};
		97F527DD532A4A0BB7AB558D /* RelWithDebInfo */ = {
			isa = XCBuildConfiguration;
			buildSettings = {
				ONLY_ACTIVE_ARCH = YES;
				SDKROOT = /Applications/Xcode.app/Contents/Developer/Platforms/MacOSX.platform/Developer/SDKs/MacOSX10.12.sdk;
				SYMROOT = "/Users/marlongeraldorodriguesviana/marlon/Courses/SDC/CarND-Extended-Kalman-Filter-Project/build";
			};
			name = RelWithDebInfo;
		};
		B451131D48B64A60B068AA06 /* MinSizeRel */ = {
			isa = XCBuildConfiguration;
			buildSettings = {
				ONLY_ACTIVE_ARCH = YES;
				SDKROOT = /Applications/Xcode.app/Contents/Developer/Platforms/MacOSX.platform/Developer/SDKs/MacOSX10.12.sdk;
				SYMROOT = "/Users/marlongeraldorodriguesviana/marlon/Courses/SDC/CarND-Extended-Kalman-Filter-Project/build";
			};
			name = MinSizeRel;
		};
		C792302B461E40A699B2B751 /* Release */ = {
			isa = XCBuildConfiguration;
			buildSettings = {
				COMBINE_HIDPI_IMAGES = YES;
				EXECUTABLE_PREFIX = "";
				EXECUTABLE_SUFFIX = "";
				GCC_GENERATE_DEBUGGING_SYMBOLS = NO;
				GCC_INLINES_ARE_PRIVATE_EXTERN = NO;
				GCC_OPTIMIZATION_LEVEL = 3;
				GCC_PREPROCESSOR_DEFINITIONS = ("'CMAKE_INTDIR=\"$(CONFIGURATION)$(EFFECTIVE_PLATFORM_NAME)\"'");
				GCC_SYMBOLS_PRIVATE_EXTERN = NO;
				HEADER_SEARCH_PATHS = (/usr/local/include,/usr/local/opt/openssl/include);
				INSTALL_PATH = "";
				LD_RUNPATH_SEARCH_PATHS = "/usr/local/lib /usr/local/opt/openssl/lib /usr/local/Cellar/libuv/1.11.0/lib";
				LIBRARY_SEARCH_PATHS = " /usr/local/lib/$(CONFIGURATION)$(EFFECTIVE_PLATFORM_NAME) /usr/local/lib /usr/local/opt/openssl/lib/$(CONFIGURATION)$(EFFECTIVE_PLATFORM_NAME) /usr/local/opt/openssl/lib /usr/local/Cellar/libuv/1.11.0/lib/$(CONFIGURATION)$(EFFECTIVE_PLATFORM_NAME) /usr/local/Cellar/libuv/1.11.0/lib";
				OTHER_CPLUSPLUSFLAGS = "    -DNDEBUG -I/usr/local/include -I/usr/local/opt/openssl/include    -std=c++11";
				OTHER_LDFLAGS = " -Wl,-search_paths_first -Wl,-headerpad_max_install_names  -lz -lssl -luv -luWS";
				OTHER_REZFLAGS = "";
				PRODUCT_NAME = ExtendedKF;
				SECTORDER_FLAGS = "";
				SYMROOT = "/Users/marlongeraldorodriguesviana/marlon/Courses/SDC/CarND-Extended-Kalman-Filter-Project";
				USE_HEADERMAP = NO;
				WARNING_CFLAGS = ("-Wmost","-Wno-four-char-constants","-Wno-unknown-pragmas","$(inherited)");
			};
			name = Release;
		};
		D5979509142A4A4AB111B7C3 /* Debug */ = {
			isa = XCBuildConfiguration;
			buildSettings = {
				COMBINE_HIDPI_IMAGES = YES;
				GCC_GENERATE_DEBUGGING_SYMBOLS = YES;
				GCC_INLINES_ARE_PRIVATE_EXTERN = NO;
				GCC_OPTIMIZATION_LEVEL = 0;
				GCC_PREPROCESSOR_DEFINITIONS = ("'CMAKE_INTDIR=\"$(CONFIGURATION)$(EFFECTIVE_PLATFORM_NAME)\"'");
				GCC_SYMBOLS_PRIVATE_EXTERN = NO;
				HEADER_SEARCH_PATHS = (/usr/local/include,/usr/local/opt/openssl/include);
				INSTALL_PATH = "";
				OTHER_LDFLAGS = " ";
				OTHER_REZFLAGS = "";
				PRODUCT_NAME = ZERO_CHECK;
				SECTORDER_FLAGS = "";
				SYMROOT = "/Users/marlongeraldorodriguesviana/marlon/Courses/SDC/CarND-Extended-Kalman-Filter-Project";
				USE_HEADERMAP = NO;
				WARNING_CFLAGS = ("-Wmost","-Wno-four-char-constants","-Wno-unknown-pragmas","$(inherited)");
			};
			name = Debug;
		};
		E15A63C67F6C41938ADA3876 /* MinSizeRel */ = {
			isa = XCBuildConfiguration;
			buildSettings = {
				COMBINE_HIDPI_IMAGES = YES;
				GCC_GENERATE_DEBUGGING_SYMBOLS = YES;
				GCC_INLINES_ARE_PRIVATE_EXTERN = NO;
				GCC_OPTIMIZATION_LEVEL = 0;
				GCC_PREPROCESSOR_DEFINITIONS = ("'CMAKE_INTDIR=\"$(CONFIGURATION)$(EFFECTIVE_PLATFORM_NAME)\"'");
				GCC_SYMBOLS_PRIVATE_EXTERN = NO;
				HEADER_SEARCH_PATHS = (/usr/local/include,/usr/local/opt/openssl/include);
				INSTALL_PATH = "";
				OTHER_LDFLAGS = " ";
				OTHER_REZFLAGS = "";
				PRODUCT_NAME = ZERO_CHECK;
				SECTORDER_FLAGS = "";
				SYMROOT = "/Users/marlongeraldorodriguesviana/marlon/Courses/SDC/CarND-Extended-Kalman-Filter-Project";
				USE_HEADERMAP = NO;
				WARNING_CFLAGS = ("-Wmost","-Wno-four-char-constants","-Wno-unknown-pragmas","$(inherited)");
			};
			name = MinSizeRel;
		};
		EF04A0226E064C01834B514D /* Debug */ = {
			isa = XCBuildConfiguration;
			buildSettings = {
				COMBINE_HIDPI_IMAGES = YES;
				EXECUTABLE_PREFIX = "";
				EXECUTABLE_SUFFIX = "";
				GCC_GENERATE_DEBUGGING_SYMBOLS = YES;
				GCC_INLINES_ARE_PRIVATE_EXTERN = NO;
				GCC_OPTIMIZATION_LEVEL = 0;
				GCC_PREPROCESSOR_DEFINITIONS = ("'CMAKE_INTDIR=\"$(CONFIGURATION)$(EFFECTIVE_PLATFORM_NAME)\"'");
				GCC_SYMBOLS_PRIVATE_EXTERN = NO;
				HEADER_SEARCH_PATHS = (/usr/local/include,/usr/local/opt/openssl/include);
				INSTALL_PATH = "";
				LD_RUNPATH_SEARCH_PATHS = "/usr/local/lib /usr/local/opt/openssl/lib /usr/local/Cellar/libuv/1.11.0/lib";
				LIBRARY_SEARCH_PATHS = " /usr/local/lib/$(CONFIGURATION)$(EFFECTIVE_PLATFORM_NAME) /usr/local/lib /usr/local/opt/openssl/lib/$(CONFIGURATION)$(EFFECTIVE_PLATFORM_NAME) /usr/local/opt/openssl/lib /usr/local/Cellar/libuv/1.11.0/lib/$(CONFIGURATION)$(EFFECTIVE_PLATFORM_NAME) /usr/local/Cellar/libuv/1.11.0/lib";
				OTHER_CPLUSPLUSFLAGS = "   -I/usr/local/include -I/usr/local/opt/openssl/include    -std=c++11";
				OTHER_LDFLAGS = " -Wl,-search_paths_first -Wl,-headerpad_max_install_names  -lz -lssl -luv -luWS";
				OTHER_REZFLAGS = "";
				PRODUCT_NAME = ExtendedKF;
				SECTORDER_FLAGS = "";
				SYMROOT = "/Users/marlongeraldorodriguesviana/marlon/Courses/SDC/CarND-Extended-Kalman-Filter-Project";
				USE_HEADERMAP = NO;
				WARNING_CFLAGS = ("-Wmost","-Wno-four-char-constants","-Wno-unknown-pragmas","$(inherited)");
			};
			name = Debug;
		};
/* End XCBuildConfiguration section */

/* Begin XCConfigurationList section */
		891C4A6DDE054D2AB846BAB4 /* Build configuration list for PBXNativeTarget "ExtendedKF" */ = {
			isa = XCConfigurationList;
			buildConfigurations = (
				EF04A0226E064C01834B514D /* Debug */,
				C792302B461E40A699B2B751 /* Release */,
				9029322C0D314E0491B0CBCD /* MinSizeRel */,
				25699D25F70048D3A03B27AB /* RelWithDebInfo */,
			);
			defaultConfigurationIsVisible = 0;
			defaultConfigurationName = Debug;
		};
		89AE15B2FB584D2EB27385E6 /* Build configuration list for PBXAggregateTarget "ALL_BUILD" */ = {
			isa = XCConfigurationList;
			buildConfigurations = (
				687E33F241DF41D294301024 /* Debug */,
				8F05B09E1A1C4547A54564AF /* Release */,
				40C1DAA4D0374E68A33FEDD4 /* MinSizeRel */,
				73623963EF4A45B1AAF92EC2 /* RelWithDebInfo */,
			);
			defaultConfigurationIsVisible = 0;
			defaultConfigurationName = Debug;
		};
		9266928C089C4272B233FCE2 /* Build configuration list for PBXProject "ExtendedKF" */ = {
			isa = XCConfigurationList;
			buildConfigurations = (
				547DE384E9CD414887D35140 /* Debug */,
				8D6B20418DA24FB58AE34C33 /* Release */,
				B451131D48B64A60B068AA06 /* MinSizeRel */,
				97F527DD532A4A0BB7AB558D /* RelWithDebInfo */,
			);
			defaultConfigurationIsVisible = 0;
			defaultConfigurationName = Debug;
		};
		FC157CA93387492EA747FBF7 /* Build configuration list for PBXAggregateTarget "ZERO_CHECK" */ = {
			isa = XCConfigurationList;
			buildConfigurations = (
				D5979509142A4A4AB111B7C3 /* Debug */,
				30112CCDAA814CCAB51AB640 /* Release */,
				E15A63C67F6C41938ADA3876 /* MinSizeRel */,
				6EC8654F902142E2BE4FD4CF /* RelWithDebInfo */,
			);
			defaultConfigurationIsVisible = 0;
			defaultConfigurationName = Debug;
		};
/* End XCConfigurationList section */
	};
	rootObject = 648F81C3847F4B4EB9A76257 /* Project object */;
}
