// !$*UTF8*$!
{
	archiveVersion = 1;
	classes = {
	};
	objectVersion = 46;
	objects = {

/* Begin PBXAggregateTarget section */
		0E7CBF6023274EFA89532BD0 /* ZERO_CHECK */ = {
			isa = PBXAggregateTarget;
			buildConfigurationList = C07692B8FD504578987BEA23 /* Build configuration list for PBXAggregateTarget "ZERO_CHECK" */;
			buildPhases = (
				390F070199FD42BE9402EB20 /* CMake Rules */,
			);
			dependencies = (
			);
			name = ZERO_CHECK;
			productName = ZERO_CHECK;
		};
		39AEF9A96BB847A6A56BD820 /* ALL_BUILD */ = {
			isa = PBXAggregateTarget;
			buildConfigurationList = 143F8C27CD3240C0B7BE1926 /* Build configuration list for PBXAggregateTarget "ALL_BUILD" */;
			buildPhases = (
				7CD877A6D6F84C7B8BEF884F /* CMake Rules */,
			);
			dependencies = (
				1911C5CC9870472790EBC907 /* PBXTargetDependency */,
				4C6B3762DFE44FB39C5C384D /* PBXTargetDependency */,
			);
			name = ALL_BUILD;
			productName = ALL_BUILD;
		};
/* End PBXAggregateTarget section */

/* Begin PBXBuildFile section */
		08FE0D5BD41D4762AEEC4F22 /* /Users/marlongeraldorodriguesviana/marlon/Courses/SDC/CarND-Extended-Kalman-Filter-Project/src/kalman_filter.cpp */ = {isa = PBXBuildFile; fileRef = 094872749FCC40B9A7A3F29D /* /Users/marlongeraldorodriguesviana/marlon/Courses/SDC/CarND-Extended-Kalman-Filter-Project/src/kalman_filter.cpp */; };
		6C864784F64F40219E54FB0E /* /Users/marlongeraldorodriguesviana/marlon/Courses/SDC/CarND-Extended-Kalman-Filter-Project/src/main.cpp */ = {isa = PBXBuildFile; fileRef = B911C5496DE943899EE84E09 /* /Users/marlongeraldorodriguesviana/marlon/Courses/SDC/CarND-Extended-Kalman-Filter-Project/src/main.cpp */; };
		ACC709D579BB43E1AF711048 /* /Users/marlongeraldorodriguesviana/marlon/Courses/SDC/CarND-Extended-Kalman-Filter-Project/CMakeLists.txt */ = {isa = PBXBuildFile; fileRef = BA678C303C6E4F199DFE1B65 /* /Users/marlongeraldorodriguesviana/marlon/Courses/SDC/CarND-Extended-Kalman-Filter-Project/CMakeLists.txt */; };
		B55D448D865F4CA28403279F /* /Users/marlongeraldorodriguesviana/marlon/Courses/SDC/CarND-Extended-Kalman-Filter-Project/src/tools.cpp */ = {isa = PBXBuildFile; fileRef = AEFE20139D50403486608669 /* /Users/marlongeraldorodriguesviana/marlon/Courses/SDC/CarND-Extended-Kalman-Filter-Project/src/tools.cpp */; };
		B75C1E34D76A4822822CE2C0 /* /Users/marlongeraldorodriguesviana/marlon/Courses/SDC/CarND-Extended-Kalman-Filter-Project/src/FusionEKF.cpp */ = {isa = PBXBuildFile; fileRef = A4837B773BC34848B359C419 /* /Users/marlongeraldorodriguesviana/marlon/Courses/SDC/CarND-Extended-Kalman-Filter-Project/src/FusionEKF.cpp */; };
/* End PBXBuildFile section */

/* Begin PBXBuildStyle section */
		06B7825802A94DCFA5B7D14E /* Debug */ = {
			isa = PBXBuildStyle;
			buildSettings = {
				COPY_PHASE_STRIP = NO;
			};
			name = Debug;
		};
		93314BB0D94E4723A561BBC4 /* Release */ = {
			isa = PBXBuildStyle;
			buildSettings = {
				COPY_PHASE_STRIP = NO;
			};
			name = Release;
		};
		9412B0301F244E71898CA2F0 = {
			isa = PBXBuildStyle;
		};
		C08D1B24EBF8421D9CE49E8F /* MinSizeRel */ = {
			isa = PBXBuildStyle;
			buildSettings = {
				COPY_PHASE_STRIP = NO;
			};
			name = MinSizeRel;
		};
		E5ED6C94CFCC4C9CAB6B762E /* RelWithDebInfo */ = {
			isa = PBXBuildStyle;
			buildSettings = {
				COPY_PHASE_STRIP = NO;
			};
			name = RelWithDebInfo;
		};
/* End PBXBuildStyle section */

/* Begin PBXContainerItemProxy section */
		2F318A8C04AB4ECB9018927C /* PBXContainerItemProxy */ = {
			isa = PBXContainerItemProxy;
			containerPortal = 648F81C3847F4B4EB9A76257 /* Project object */;
			proxyType = 1;
			remoteGlobalIDString = 0E7CBF6023274EFA89532BD0;
			remoteInfo = ZERO_CHECK;
		};
		4808BB2A954F4039BE9F5E33 /* PBXContainerItemProxy */ = {
			isa = PBXContainerItemProxy;
			containerPortal = 648F81C3847F4B4EB9A76257 /* Project object */;
			proxyType = 1;
			remoteGlobalIDString = B83D28FB6BF94BDAA8A0D779;
			remoteInfo = ExtendedKF;
		};
		D9EE7926F2FC476E94D0A84B /* PBXContainerItemProxy */ = {
			isa = PBXContainerItemProxy;
			containerPortal = 648F81C3847F4B4EB9A76257 /* Project object */;
			proxyType = 1;
			remoteGlobalIDString = 0E7CBF6023274EFA89532BD0;
			remoteInfo = ZERO_CHECK;
		};
/* End PBXContainerItemProxy section */

/* Begin PBXFileReference section */
		094872749FCC40B9A7A3F29D /* /Users/marlongeraldorodriguesviana/marlon/Courses/SDC/CarND-Extended-Kalman-Filter-Project/src/kalman_filter.cpp */ = {isa = PBXFileReference; explicitFileType = sourcecode.cpp.cpp; fileEncoding = 4; name = kalman_filter.cpp; path = src/kalman_filter.cpp; sourceTree = SOURCE_ROOT; };
		5B6446EADE1E40B48356A12B /* /Users/marlongeraldorodriguesviana/marlon/Courses/SDC/CarND-Extended-Kalman-Filter-Project/CMakeLists.txt */ = {isa = PBXFileReference; explicitFileType = sourcecode.text; fileEncoding = 4; name = CMakeLists.txt; path = CMakeLists.txt; sourceTree = SOURCE_ROOT; };
		914B69259AE2472BAD7135A3 /* /Users/marlongeraldorodriguesviana/marlon/Courses/SDC/CarND-Extended-Kalman-Filter-Project/CMakeLists.txt */ = {isa = PBXFileReference; explicitFileType = sourcecode.text; fileEncoding = 4; name = CMakeLists.txt; path = CMakeLists.txt; sourceTree = SOURCE_ROOT; };
		A4837B773BC34848B359C419 /* /Users/marlongeraldorodriguesviana/marlon/Courses/SDC/CarND-Extended-Kalman-Filter-Project/src/FusionEKF.cpp */ = {isa = PBXFileReference; explicitFileType = sourcecode.cpp.cpp; fileEncoding = 4; name = FusionEKF.cpp; path = src/FusionEKF.cpp; sourceTree = SOURCE_ROOT; };
		AEFE20139D50403486608669 /* /Users/marlongeraldorodriguesviana/marlon/Courses/SDC/CarND-Extended-Kalman-Filter-Project/src/tools.cpp */ = {isa = PBXFileReference; explicitFileType = sourcecode.cpp.cpp; fileEncoding = 4; name = tools.cpp; path = src/tools.cpp; sourceTree = SOURCE_ROOT; };
		B911C5496DE943899EE84E09 /* /Users/marlongeraldorodriguesviana/marlon/Courses/SDC/CarND-Extended-Kalman-Filter-Project/src/main.cpp */ = {isa = PBXFileReference; explicitFileType = sourcecode.cpp.cpp; fileEncoding = 4; name = main.cpp; path = src/main.cpp; sourceTree = SOURCE_ROOT; };
		BA678C303C6E4F199DFE1B65 /* /Users/marlongeraldorodriguesviana/marlon/Courses/SDC/CarND-Extended-Kalman-Filter-Project/CMakeLists.txt */ = {isa = PBXFileReference; explicitFileType = sourcecode.text; fileEncoding = 4; name = CMakeLists.txt; path = CMakeLists.txt; sourceTree = SOURCE_ROOT; };
		D76D5EBE269B4DFFAF687613 /* ExtendedKF */ = {isa = PBXFileReference; explicitFileType = "compiled.mach-o.executable"; path = ExtendedKF; sourceTree = BUILT_PRODUCTS_DIR; };
/* End PBXFileReference section */

/* Begin PBXGroup section */
		3B36CF286E7840898D353424 /* Sources */ = {
			isa = PBXGroup;
			children = (
				4AC9E749BCE64F94A9F6F758 /* ExtendedKF */,
				9824947218C84742AF3112DC /* ALL_BUILD */,
				E22DB84F21904D1B9190D6D0 /* ZERO_CHECK */,
			);
			name = Sources;
			sourceTree = "<group>";
		};
		45DD85D3F2CB4CD9A259BBBB /* Products */ = {
			isa = PBXGroup;
			children = (
				D76D5EBE269B4DFFAF687613 /* ExtendedKF */,
			);
			name = Products;
			sourceTree = "<group>";
		};
		4AC9E749BCE64F94A9F6F758 /* ExtendedKF */ = {
			isa = PBXGroup;
			children = (
				937BA1B91CEB488FB98DD58E /* Source Files */,
				BA678C303C6E4F199DFE1B65 /* /Users/marlongeraldorodriguesviana/marlon/Courses/SDC/CarND-Extended-Kalman-Filter-Project/CMakeLists.txt */,
			);
			name = ExtendedKF;
			sourceTree = "<group>";
		};
		937BA1B91CEB488FB98DD58E /* Source Files */ = {
			isa = PBXGroup;
			children = (
				A4837B773BC34848B359C419 /* /Users/marlongeraldorodriguesviana/marlon/Courses/SDC/CarND-Extended-Kalman-Filter-Project/src/FusionEKF.cpp */,
				094872749FCC40B9A7A3F29D /* /Users/marlongeraldorodriguesviana/marlon/Courses/SDC/CarND-Extended-Kalman-Filter-Project/src/kalman_filter.cpp */,
				B911C5496DE943899EE84E09 /* /Users/marlongeraldorodriguesviana/marlon/Courses/SDC/CarND-Extended-Kalman-Filter-Project/src/main.cpp */,
				AEFE20139D50403486608669 /* /Users/marlongeraldorodriguesviana/marlon/Courses/SDC/CarND-Extended-Kalman-Filter-Project/src/tools.cpp */,
			);
			name = "Source Files";
			sourceTree = "<group>";
		};
		9824947218C84742AF3112DC /* ALL_BUILD */ = {
			isa = PBXGroup;
			children = (
				B5771496345B4ED7B010BC36 /* CMake Rules */,
				5B6446EADE1E40B48356A12B /* /Users/marlongeraldorodriguesviana/marlon/Courses/SDC/CarND-Extended-Kalman-Filter-Project/CMakeLists.txt */,
			);
			name = ALL_BUILD;
			sourceTree = "<group>";
		};
		A4A0CE556385468B99DED59A /* CMake Rules */ = {
			isa = PBXGroup;
			children = (
			);
			name = "CMake Rules";
			sourceTree = "<group>";
		};
		B5771496345B4ED7B010BC36 /* CMake Rules */ = {
			isa = PBXGroup;
			children = (
			);
			name = "CMake Rules";
			sourceTree = "<group>";
		};
		E22DB84F21904D1B9190D6D0 /* ZERO_CHECK */ = {
			isa = PBXGroup;
			children = (
				A4A0CE556385468B99DED59A /* CMake Rules */,
				914B69259AE2472BAD7135A3 /* /Users/marlongeraldorodriguesviana/marlon/Courses/SDC/CarND-Extended-Kalman-Filter-Project/CMakeLists.txt */,
			);
			name = ZERO_CHECK;
			sourceTree = "<group>";
		};
		E60BA6148AF642C39DEA141B /* Resources */ = {
			isa = PBXGroup;
			children = (
			);
			name = Resources;
			sourceTree = "<group>";
		};
		F6D6B6BE77BA4807BFEC16A8 = {
			isa = PBXGroup;
			children = (
				3B36CF286E7840898D353424 /* Sources */,
				E60BA6148AF642C39DEA141B /* Resources */,
				45DD85D3F2CB4CD9A259BBBB /* Products */,
			);
			sourceTree = "<group>";
		};
/* End PBXGroup section */

/* Begin PBXNativeTarget section */
		B83D28FB6BF94BDAA8A0D779 /* ExtendedKF */ = {
			isa = PBXNativeTarget;
			buildConfigurationList = 8ACB8B3CE8964F848D4B8859 /* Build configuration list for PBXNativeTarget "ExtendedKF" */;
			buildPhases = (
				9AD8AA662681418985F6D003 /* Sources */,
			);
			buildRules = (
			);
			dependencies = (
				15F74A52514F45CA99E9230E /* PBXTargetDependency */,
			);
			name = ExtendedKF;
			productName = ExtendedKF;
			productReference = D76D5EBE269B4DFFAF687613 /* ExtendedKF */;
			productType = "com.apple.product-type.tool";
		};
/* End PBXNativeTarget section */

/* Begin PBXProject section */
		648F81C3847F4B4EB9A76257 /* Project object */ = {
			isa = PBXProject;
			attributes = {
				BuildIndependentTargetsInParallel = YES;
				LastUpgradeCheck = 0830;
			};
			buildConfigurationList = D04A5290F79D4237B6555B5A /* Build configuration list for PBXProject "ExtendedKF" */;
			buildSettings = {
			};
			buildStyles = (
				06B7825802A94DCFA5B7D14E /* Debug */,
				93314BB0D94E4723A561BBC4 /* Release */,
				C08D1B24EBF8421D9CE49E8F /* MinSizeRel */,
				E5ED6C94CFCC4C9CAB6B762E /* RelWithDebInfo */,
			);
			compatibilityVersion = "Xcode 3.2";
			hasScannedForEncodings = 0;
			mainGroup = F6D6B6BE77BA4807BFEC16A8;
			projectDirPath = .;
			projectRoot = "";
			targets = (
				39AEF9A96BB847A6A56BD820 /* ALL_BUILD */,
				B83D28FB6BF94BDAA8A0D779 /* ExtendedKF */,
				0E7CBF6023274EFA89532BD0 /* ZERO_CHECK */,
			);
		};
/* End PBXProject section */

/* Begin PBXShellScriptBuildPhase section */
		1DED32DAEB8540EC9901DEBE = {
			isa = PBXShellScriptBuildPhase;
			buildActionMask = 2147483647;
			files = (
			);
			inputPaths = (
			);
			outputPaths = (
			);
			runOnlyForDeploymentPostprocessing = 0;
			shellPath = /bin/sh;
			shellScript = "# shell script goes here
exit 0";
			showEnvVarsInLog = 0;
		};
		390F070199FD42BE9402EB20 /* CMake Rules */ = {
			isa = PBXShellScriptBuildPhase;
			buildActionMask = 2147483647;
			files = (
			);
			name = "CMake Rules";
			runOnlyForDeploymentPostprocessing = 0;
			shellPath = /bin/sh;
			shellScript = "make -C /Users/marlongeraldorodriguesviana/marlon/Courses/SDC/CarND-Extended-Kalman-Filter-Project -f /Users/marlongeraldorodriguesviana/marlon/Courses/SDC/CarND-Extended-Kalman-Filter-Project/CMakeScripts/ZERO_CHECK_cmakeRulesBuildPhase.make$CONFIGURATION all";
			showEnvVarsInLog = 0;
		};
		7CD877A6D6F84C7B8BEF884F /* CMake Rules */ = {
			isa = PBXShellScriptBuildPhase;
			buildActionMask = 2147483647;
			files = (
			);
			name = "CMake Rules";
			runOnlyForDeploymentPostprocessing = 0;
			shellPath = /bin/sh;
			shellScript = "make -C /Users/marlongeraldorodriguesviana/marlon/Courses/SDC/CarND-Extended-Kalman-Filter-Project -f /Users/marlongeraldorodriguesviana/marlon/Courses/SDC/CarND-Extended-Kalman-Filter-Project/CMakeScripts/ALL_BUILD_cmakeRulesBuildPhase.make$CONFIGURATION all";
			showEnvVarsInLog = 0;
		};
		FBB070187B764F838AFC76CA = {
			isa = PBXShellScriptBuildPhase;
			buildActionMask = 2147483647;
			files = (
			);
			inputPaths = (
			);
			outputPaths = (
			);
			runOnlyForDeploymentPostprocessing = 0;
			shellPath = /bin/sh;
			shellScript = "# shell script goes here
exit 0";
			showEnvVarsInLog = 0;
		};
/* End PBXShellScriptBuildPhase section */

/* Begin PBXSourcesBuildPhase section */
		9AD8AA662681418985F6D003 /* Sources */ = {
			isa = PBXSourcesBuildPhase;
			buildActionMask = 2147483647;
			files = (
				B75C1E34D76A4822822CE2C0 /* /Users/marlongeraldorodriguesviana/marlon/Courses/SDC/CarND-Extended-Kalman-Filter-Project/src/FusionEKF.cpp */,
				08FE0D5BD41D4762AEEC4F22 /* /Users/marlongeraldorodriguesviana/marlon/Courses/SDC/CarND-Extended-Kalman-Filter-Project/src/kalman_filter.cpp */,
				6C864784F64F40219E54FB0E /* /Users/marlongeraldorodriguesviana/marlon/Courses/SDC/CarND-Extended-Kalman-Filter-Project/src/main.cpp */,
				B55D448D865F4CA28403279F /* /Users/marlongeraldorodriguesviana/marlon/Courses/SDC/CarND-Extended-Kalman-Filter-Project/src/tools.cpp */,
			);
			runOnlyForDeploymentPostprocessing = 0;
		};
/* End PBXSourcesBuildPhase section */

/* Begin PBXTargetDependency section */
		15F74A52514F45CA99E9230E /* PBXTargetDependency */ = {
			isa = PBXTargetDependency;
			target = 0E7CBF6023274EFA89532BD0 /* ZERO_CHECK */;
			targetProxy = 2F318A8C04AB4ECB9018927C /* PBXContainerItemProxy */;
		};
		1911C5CC9870472790EBC907 /* PBXTargetDependency */ = {
			isa = PBXTargetDependency;
			target = B83D28FB6BF94BDAA8A0D779 /* ExtendedKF */;
			targetProxy = 4808BB2A954F4039BE9F5E33 /* PBXContainerItemProxy */;
		};
		4C6B3762DFE44FB39C5C384D /* PBXTargetDependency */ = {
			isa = PBXTargetDependency;
			target = 0E7CBF6023274EFA89532BD0 /* ZERO_CHECK */;
			targetProxy = D9EE7926F2FC476E94D0A84B /* PBXContainerItemProxy */;
		};
/* End PBXTargetDependency section */

/* Begin XCBuildConfiguration section */
		4C5CB2820FFC458BB60FC2D5 /* RelWithDebInfo */ = {
			isa = XCBuildConfiguration;
			buildSettings = {
				ONLY_ACTIVE_ARCH = YES;
				SDKROOT = /Applications/Xcode.app/Contents/Developer/Platforms/MacOSX.platform/Developer/SDKs/MacOSX10.12.sdk;
				SYMROOT = "/Users/marlongeraldorodriguesviana/marlon/Courses/SDC/CarND-Extended-Kalman-Filter-Project/build";
			};
			name = RelWithDebInfo;
		};
		525F46DE71DA405EA4613355 /* MinSizeRel */ = {
			isa = XCBuildConfiguration;
			buildSettings = {
				COMBINE_HIDPI_IMAGES = YES;
				GCC_GENERATE_DEBUGGING_SYMBOLS = YES;
				GCC_INLINES_ARE_PRIVATE_EXTERN = NO;
				GCC_OPTIMIZATION_LEVEL = 0;
				GCC_PREPROCESSOR_DEFINITIONS = ("'CMAKE_INTDIR=\"$(CONFIGURATION)$(EFFECTIVE_PLATFORM_NAME)\"'");
				GCC_SYMBOLS_PRIVATE_EXTERN = NO;
				HEADER_SEARCH_PATHS = (/usr/local/include,/usr/local/opt/openssl/include);
				INSTALL_PATH = "";
				OTHER_LDFLAGS = " ";
				OTHER_REZFLAGS = "";
				PRODUCT_NAME = ALL_BUILD;
				SECTORDER_FLAGS = "";
				SYMROOT = "/Users/marlongeraldorodriguesviana/marlon/Courses/SDC/CarND-Extended-Kalman-Filter-Project";
				USE_HEADERMAP = NO;
				WARNING_CFLAGS = ("-Wmost","-Wno-four-char-constants","-Wno-unknown-pragmas","$(inherited)");
			};
			name = MinSizeRel;
		};
		5CD7650C3A8449F39E097426 /* Debug */ = {
			isa = XCBuildConfiguration;
			buildSettings = {
				ONLY_ACTIVE_ARCH = YES;
				SDKROOT = /Applications/Xcode.app/Contents/Developer/Platforms/MacOSX.platform/Developer/SDKs/MacOSX10.12.sdk;
				SYMROOT = "/Users/marlongeraldorodriguesviana/marlon/Courses/SDC/CarND-Extended-Kalman-Filter-Project/build";
			};
			name = Debug;
		};
		67095BF2200448C2A770044F /* Debug */ = {
			isa = XCBuildConfiguration;
			buildSettings = {
				COMBINE_HIDPI_IMAGES = YES;
				GCC_GENERATE_DEBUGGING_SYMBOLS = YES;
				GCC_INLINES_ARE_PRIVATE_EXTERN = NO;
				GCC_OPTIMIZATION_LEVEL = 0;
				GCC_PREPROCESSOR_DEFINITIONS = ("'CMAKE_INTDIR=\"$(CONFIGURATION)$(EFFECTIVE_PLATFORM_NAME)\"'");
				GCC_SYMBOLS_PRIVATE_EXTERN = NO;
				HEADER_SEARCH_PATHS = (/usr/local/include,/usr/local/opt/openssl/include);
				INSTALL_PATH = "";
				OTHER_LDFLAGS = " ";
				OTHER_REZFLAGS = "";
				PRODUCT_NAME = ALL_BUILD;
				SECTORDER_FLAGS = "";
				SYMROOT = "/Users/marlongeraldorodriguesviana/marlon/Courses/SDC/CarND-Extended-Kalman-Filter-Project";
				USE_HEADERMAP = NO;
				WARNING_CFLAGS = ("-Wmost","-Wno-four-char-constants","-Wno-unknown-pragmas","$(inherited)");
			};
			name = Debug;
		};
		76F461C5932F475F86B02636 /* RelWithDebInfo */ = {
			isa = XCBuildConfiguration;
			buildSettings = {
				COMBINE_HIDPI_IMAGES = YES;
				EXECUTABLE_PREFIX = "";
				EXECUTABLE_SUFFIX = "";
				GCC_GENERATE_DEBUGGING_SYMBOLS = YES;
				GCC_INLINES_ARE_PRIVATE_EXTERN = NO;
				GCC_OPTIMIZATION_LEVEL = 2;
				GCC_PREPROCESSOR_DEFINITIONS = ("'CMAKE_INTDIR=\"$(CONFIGURATION)$(EFFECTIVE_PLATFORM_NAME)\"'");
				GCC_SYMBOLS_PRIVATE_EXTERN = NO;
				HEADER_SEARCH_PATHS = (/usr/local/include,/usr/local/opt/openssl/include);
				INSTALL_PATH = "";
				LD_RUNPATH_SEARCH_PATHS = "/usr/local/lib /usr/local/opt/openssl/lib /usr/local/Cellar/libuv/1.11.0/lib";
				LIBRARY_SEARCH_PATHS = " /usr/local/lib/$(CONFIGURATION)$(EFFECTIVE_PLATFORM_NAME) /usr/local/lib /usr/local/opt/openssl/lib/$(CONFIGURATION)$(EFFECTIVE_PLATFORM_NAME) /usr/local/opt/openssl/lib /usr/local/Cellar/libuv/1.11.0/lib/$(CONFIGURATION)$(EFFECTIVE_PLATFORM_NAME) /usr/local/Cellar/libuv/1.11.0/lib";
				OTHER_CPLUSPLUSFLAGS = "       -DNDEBUG -I/usr/local/include -I/usr/local/opt/openssl/include    -std=c++11";
				OTHER_LDFLAGS = " -Wl,-search_paths_first -Wl,-headerpad_max_install_names  -lz -lssl -luv -luWS";
				OTHER_REZFLAGS = "";
				PRODUCT_NAME = ExtendedKF;
				SECTORDER_FLAGS = "";
				SYMROOT = "/Users/marlongeraldorodriguesviana/marlon/Courses/SDC/CarND-Extended-Kalman-Filter-Project";
				USE_HEADERMAP = NO;
				WARNING_CFLAGS = ("-Wmost","-Wno-four-char-constants","-Wno-unknown-pragmas","$(inherited)");
			};
			name = RelWithDebInfo;
		};
		803FF6C3DC9B4C3E91764F6B /* Release */ = {
			isa = XCBuildConfiguration;
			buildSettings = {
				ONLY_ACTIVE_ARCH = YES;
				SDKROOT = /Applications/Xcode.app/Contents/Developer/Platforms/MacOSX.platform/Developer/SDKs/MacOSX10.12.sdk;
				SYMROOT = "/Users/marlongeraldorodriguesviana/marlon/Courses/SDC/CarND-Extended-Kalman-Filter-Project/build";
			};
			name = Release;
		};
		A6DC6F9F9C244CBEAE43DCE3 /* Debug */ = {
			isa = XCBuildConfiguration;
			buildSettings = {
				COMBINE_HIDPI_IMAGES = YES;
				EXECUTABLE_PREFIX = "";
				EXECUTABLE_SUFFIX = "";
				GCC_GENERATE_DEBUGGING_SYMBOLS = YES;
				GCC_INLINES_ARE_PRIVATE_EXTERN = NO;
				GCC_OPTIMIZATION_LEVEL = 0;
				GCC_PREPROCESSOR_DEFINITIONS = ("'CMAKE_INTDIR=\"$(CONFIGURATION)$(EFFECTIVE_PLATFORM_NAME)\"'");
				GCC_SYMBOLS_PRIVATE_EXTERN = NO;
				HEADER_SEARCH_PATHS = (/usr/local/include,/usr/local/opt/openssl/include);
				INSTALL_PATH = "";
				LD_RUNPATH_SEARCH_PATHS = "/usr/local/lib /usr/local/opt/openssl/lib /usr/local/Cellar/libuv/1.11.0/lib";
				LIBRARY_SEARCH_PATHS = " /usr/local/lib/$(CONFIGURATION)$(EFFECTIVE_PLATFORM_NAME) /usr/local/lib /usr/local/opt/openssl/lib/$(CONFIGURATION)$(EFFECTIVE_PLATFORM_NAME) /usr/local/opt/openssl/lib /usr/local/Cellar/libuv/1.11.0/lib/$(CONFIGURATION)$(EFFECTIVE_PLATFORM_NAME) /usr/local/Cellar/libuv/1.11.0/lib";
				OTHER_CPLUSPLUSFLAGS = "   -I/usr/local/include -I/usr/local/opt/openssl/include    -std=c++11";
				OTHER_LDFLAGS = " -Wl,-search_paths_first -Wl,-headerpad_max_install_names  -lz -lssl -luv -luWS";
				OTHER_REZFLAGS = "";
				PRODUCT_NAME = ExtendedKF;
				SECTORDER_FLAGS = "";
				SYMROOT = "/Users/marlongeraldorodriguesviana/marlon/Courses/SDC/CarND-Extended-Kalman-Filter-Project";
				USE_HEADERMAP = NO;
				WARNING_CFLAGS = ("-Wmost","-Wno-four-char-constants","-Wno-unknown-pragmas","$(inherited)");
			};
			name = Debug;
		};
		B006E59854F946B29EDAA1D4 /* Release */ = {
			isa = XCBuildConfiguration;
			buildSettings = {
				COMBINE_HIDPI_IMAGES = YES;
				GCC_GENERATE_DEBUGGING_SYMBOLS = YES;
				GCC_INLINES_ARE_PRIVATE_EXTERN = NO;
				GCC_OPTIMIZATION_LEVEL = 0;
				GCC_PREPROCESSOR_DEFINITIONS = ("'CMAKE_INTDIR=\"$(CONFIGURATION)$(EFFECTIVE_PLATFORM_NAME)\"'");
				GCC_SYMBOLS_PRIVATE_EXTERN = NO;
				HEADER_SEARCH_PATHS = (/usr/local/include,/usr/local/opt/openssl/include);
				INSTALL_PATH = "";
				OTHER_LDFLAGS = " ";
				OTHER_REZFLAGS = "";
				PRODUCT_NAME = ALL_BUILD;
				SECTORDER_FLAGS = "";
				SYMROOT = "/Users/marlongeraldorodriguesviana/marlon/Courses/SDC/CarND-Extended-Kalman-Filter-Project";
				USE_HEADERMAP = NO;
				WARNING_CFLAGS = ("-Wmost","-Wno-four-char-constants","-Wno-unknown-pragmas","$(inherited)");
			};
			name = Release;
		};
		BED152C2243146C4A688A29F /* RelWithDebInfo */ = {
			isa = XCBuildConfiguration;
			buildSettings = {
				COMBINE_HIDPI_IMAGES = YES;
				GCC_GENERATE_DEBUGGING_SYMBOLS = YES;
				GCC_INLINES_ARE_PRIVATE_EXTERN = NO;
				GCC_OPTIMIZATION_LEVEL = 0;
				GCC_PREPROCESSOR_DEFINITIONS = ("'CMAKE_INTDIR=\"$(CONFIGURATION)$(EFFECTIVE_PLATFORM_NAME)\"'");
				GCC_SYMBOLS_PRIVATE_EXTERN = NO;
				HEADER_SEARCH_PATHS = (/usr/local/include,/usr/local/opt/openssl/include);
				INSTALL_PATH = "";
				OTHER_LDFLAGS = " ";
				OTHER_REZFLAGS = "";
				PRODUCT_NAME = ALL_BUILD;
				SECTORDER_FLAGS = "";
				SYMROOT = "/Users/marlongeraldorodriguesviana/marlon/Courses/SDC/CarND-Extended-Kalman-Filter-Project";
				USE_HEADERMAP = NO;
				WARNING_CFLAGS = ("-Wmost","-Wno-four-char-constants","-Wno-unknown-pragmas","$(inherited)");
			};
			name = RelWithDebInfo;
		};
		BFC571E0CA544E5A8FB8318D /* MinSizeRel */ = {
			isa = XCBuildConfiguration;
			buildSettings = {
				COMBINE_HIDPI_IMAGES = YES;
				GCC_GENERATE_DEBUGGING_SYMBOLS = YES;
				GCC_INLINES_ARE_PRIVATE_EXTERN = NO;
				GCC_OPTIMIZATION_LEVEL = 0;
				GCC_PREPROCESSOR_DEFINITIONS = ("'CMAKE_INTDIR=\"$(CONFIGURATION)$(EFFECTIVE_PLATFORM_NAME)\"'");
				GCC_SYMBOLS_PRIVATE_EXTERN = NO;
				HEADER_SEARCH_PATHS = (/usr/local/include,/usr/local/opt/openssl/include);
				INSTALL_PATH = "";
				OTHER_LDFLAGS = " ";
				OTHER_REZFLAGS = "";
				PRODUCT_NAME = ZERO_CHECK;
				SECTORDER_FLAGS = "";
				SYMROOT = "/Users/marlongeraldorodriguesviana/marlon/Courses/SDC/CarND-Extended-Kalman-Filter-Project";
				USE_HEADERMAP = NO;
				WARNING_CFLAGS = ("-Wmost","-Wno-four-char-constants","-Wno-unknown-pragmas","$(inherited)");
			};
			name = MinSizeRel;
		};
		C0CE7E006D84428696F9AD9E /* Release */ = {
			isa = XCBuildConfiguration;
			buildSettings = {
				COMBINE_HIDPI_IMAGES = YES;
				GCC_GENERATE_DEBUGGING_SYMBOLS = YES;
				GCC_INLINES_ARE_PRIVATE_EXTERN = NO;
				GCC_OPTIMIZATION_LEVEL = 0;
				GCC_PREPROCESSOR_DEFINITIONS = ("'CMAKE_INTDIR=\"$(CONFIGURATION)$(EFFECTIVE_PLATFORM_NAME)\"'");
				GCC_SYMBOLS_PRIVATE_EXTERN = NO;
				HEADER_SEARCH_PATHS = (/usr/local/include,/usr/local/opt/openssl/include);
				INSTALL_PATH = "";
				OTHER_LDFLAGS = " ";
				OTHER_REZFLAGS = "";
				PRODUCT_NAME = ZERO_CHECK;
				SECTORDER_FLAGS = "";
				SYMROOT = "/Users/marlongeraldorodriguesviana/marlon/Courses/SDC/CarND-Extended-Kalman-Filter-Project";
				USE_HEADERMAP = NO;
				WARNING_CFLAGS = ("-Wmost","-Wno-four-char-constants","-Wno-unknown-pragmas","$(inherited)");
			};
			name = Release;
		};
		C32B727052A74860B0DD59E2 /* Debug */ = {
			isa = XCBuildConfiguration;
			buildSettings = {
				COMBINE_HIDPI_IMAGES = YES;
				GCC_GENERATE_DEBUGGING_SYMBOLS = YES;
				GCC_INLINES_ARE_PRIVATE_EXTERN = NO;
				GCC_OPTIMIZATION_LEVEL = 0;
				GCC_PREPROCESSOR_DEFINITIONS = ("'CMAKE_INTDIR=\"$(CONFIGURATION)$(EFFECTIVE_PLATFORM_NAME)\"'");
				GCC_SYMBOLS_PRIVATE_EXTERN = NO;
				HEADER_SEARCH_PATHS = (/usr/local/include,/usr/local/opt/openssl/include);
				INSTALL_PATH = "";
				OTHER_LDFLAGS = " ";
				OTHER_REZFLAGS = "";
				PRODUCT_NAME = ZERO_CHECK;
				SECTORDER_FLAGS = "";
				SYMROOT = "/Users/marlongeraldorodriguesviana/marlon/Courses/SDC/CarND-Extended-Kalman-Filter-Project";
				USE_HEADERMAP = NO;
				WARNING_CFLAGS = ("-Wmost","-Wno-four-char-constants","-Wno-unknown-pragmas","$(inherited)");
			};
			name = Debug;
		};
		C6473DE0E357452F9F88FB59 /* Release */ = {
			isa = XCBuildConfiguration;
			buildSettings = {
				COMBINE_HIDPI_IMAGES = YES;
				EXECUTABLE_PREFIX = "";
				EXECUTABLE_SUFFIX = "";
				GCC_GENERATE_DEBUGGING_SYMBOLS = NO;
				GCC_INLINES_ARE_PRIVATE_EXTERN = NO;
				GCC_OPTIMIZATION_LEVEL = 3;
				GCC_PREPROCESSOR_DEFINITIONS = ("'CMAKE_INTDIR=\"$(CONFIGURATION)$(EFFECTIVE_PLATFORM_NAME)\"'");
				GCC_SYMBOLS_PRIVATE_EXTERN = NO;
				HEADER_SEARCH_PATHS = (/usr/local/include,/usr/local/opt/openssl/include);
				INSTALL_PATH = "";
				LD_RUNPATH_SEARCH_PATHS = "/usr/local/lib /usr/local/opt/openssl/lib /usr/local/Cellar/libuv/1.11.0/lib";
				LIBRARY_SEARCH_PATHS = " /usr/local/lib/$(CONFIGURATION)$(EFFECTIVE_PLATFORM_NAME) /usr/local/lib /usr/local/opt/openssl/lib/$(CONFIGURATION)$(EFFECTIVE_PLATFORM_NAME) /usr/local/opt/openssl/lib /usr/local/Cellar/libuv/1.11.0/lib/$(CONFIGURATION)$(EFFECTIVE_PLATFORM_NAME) /usr/local/Cellar/libuv/1.11.0/lib";
				OTHER_CPLUSPLUSFLAGS = "    -DNDEBUG -I/usr/local/include -I/usr/local/opt/openssl/include    -std=c++11";
				OTHER_LDFLAGS = " -Wl,-search_paths_first -Wl,-headerpad_max_install_names  -lz -lssl -luv -luWS";
				OTHER_REZFLAGS = "";
				PRODUCT_NAME = ExtendedKF;
				SECTORDER_FLAGS = "";
				SYMROOT = "/Users/marlongeraldorodriguesviana/marlon/Courses/SDC/CarND-Extended-Kalman-Filter-Project";
				USE_HEADERMAP = NO;
				WARNING_CFLAGS = ("-Wmost","-Wno-four-char-constants","-Wno-unknown-pragmas","$(inherited)");
			};
			name = Release;
		};
		D7724C0D901C421E95FE2CB8 /* MinSizeRel */ = {
			isa = XCBuildConfiguration;
			buildSettings = {
				COMBINE_HIDPI_IMAGES = YES;
				EXECUTABLE_PREFIX = "";
				EXECUTABLE_SUFFIX = "";
				GCC_GENERATE_DEBUGGING_SYMBOLS = NO;
				GCC_INLINES_ARE_PRIVATE_EXTERN = NO;
				GCC_OPTIMIZATION_LEVEL = s;
				GCC_PREPROCESSOR_DEFINITIONS = ("'CMAKE_INTDIR=\"$(CONFIGURATION)$(EFFECTIVE_PLATFORM_NAME)\"'");
				GCC_SYMBOLS_PRIVATE_EXTERN = NO;
				HEADER_SEARCH_PATHS = (/usr/local/include,/usr/local/opt/openssl/include);
				INSTALL_PATH = "";
				LD_RUNPATH_SEARCH_PATHS = "/usr/local/lib /usr/local/opt/openssl/lib /usr/local/Cellar/libuv/1.11.0/lib";
				LIBRARY_SEARCH_PATHS = " /usr/local/lib/$(CONFIGURATION)$(EFFECTIVE_PLATFORM_NAME) /usr/local/lib /usr/local/opt/openssl/lib/$(CONFIGURATION)$(EFFECTIVE_PLATFORM_NAME) /usr/local/opt/openssl/lib /usr/local/Cellar/libuv/1.11.0/lib/$(CONFIGURATION)$(EFFECTIVE_PLATFORM_NAME) /usr/local/Cellar/libuv/1.11.0/lib";
				OTHER_CPLUSPLUSFLAGS = "    -DNDEBUG -I/usr/local/include -I/usr/local/opt/openssl/include    -std=c++11";
				OTHER_LDFLAGS = " -Wl,-search_paths_first -Wl,-headerpad_max_install_names  -lz -lssl -luv -luWS";
				OTHER_REZFLAGS = "";
				PRODUCT_NAME = ExtendedKF;
				SECTORDER_FLAGS = "";
				SYMROOT = "/Users/marlongeraldorodriguesviana/marlon/Courses/SDC/CarND-Extended-Kalman-Filter-Project";
				USE_HEADERMAP = NO;
				WARNING_CFLAGS = ("-Wmost","-Wno-four-char-constants","-Wno-unknown-pragmas","$(inherited)");
			};
			name = MinSizeRel;
		};
		F57C9DBB8EE54E01A9B28A03 /* RelWithDebInfo */ = {
			isa = XCBuildConfiguration;
			buildSettings = {
				COMBINE_HIDPI_IMAGES = YES;
				GCC_GENERATE_DEBUGGING_SYMBOLS = YES;
				GCC_INLINES_ARE_PRIVATE_EXTERN = NO;
				GCC_OPTIMIZATION_LEVEL = 0;
				GCC_PREPROCESSOR_DEFINITIONS = ("'CMAKE_INTDIR=\"$(CONFIGURATION)$(EFFECTIVE_PLATFORM_NAME)\"'");
				GCC_SYMBOLS_PRIVATE_EXTERN = NO;
				HEADER_SEARCH_PATHS = (/usr/local/include,/usr/local/opt/openssl/include);
				INSTALL_PATH = "";
				OTHER_LDFLAGS = " ";
				OTHER_REZFLAGS = "";
				PRODUCT_NAME = ZERO_CHECK;
				SECTORDER_FLAGS = "";
				SYMROOT = "/Users/marlongeraldorodriguesviana/marlon/Courses/SDC/CarND-Extended-Kalman-Filter-Project";
				USE_HEADERMAP = NO;
				WARNING_CFLAGS = ("-Wmost","-Wno-four-char-constants","-Wno-unknown-pragmas","$(inherited)");
			};
			name = RelWithDebInfo;
		};
		F9478B8475894854BEAA73D7 /* MinSizeRel */ = {
			isa = XCBuildConfiguration;
			buildSettings = {
				ONLY_ACTIVE_ARCH = YES;
				SDKROOT = /Applications/Xcode.app/Contents/Developer/Platforms/MacOSX.platform/Developer/SDKs/MacOSX10.12.sdk;
				SYMROOT = "/Users/marlongeraldorodriguesviana/marlon/Courses/SDC/CarND-Extended-Kalman-Filter-Project/build";
			};
			name = MinSizeRel;
		};
/* End XCBuildConfiguration section */

/* Begin XCConfigurationList section */
		143F8C27CD3240C0B7BE1926 /* Build configuration list for PBXAggregateTarget "ALL_BUILD" */ = {
			isa = XCConfigurationList;
			buildConfigurations = (
				67095BF2200448C2A770044F /* Debug */,
				B006E59854F946B29EDAA1D4 /* Release */,
				525F46DE71DA405EA4613355 /* MinSizeRel */,
				BED152C2243146C4A688A29F /* RelWithDebInfo */,
			);
			defaultConfigurationIsVisible = 0;
			defaultConfigurationName = Debug;
		};
		8ACB8B3CE8964F848D4B8859 /* Build configuration list for PBXNativeTarget "ExtendedKF" */ = {
			isa = XCConfigurationList;
			buildConfigurations = (
				A6DC6F9F9C244CBEAE43DCE3 /* Debug */,
				C6473DE0E357452F9F88FB59 /* Release */,
				D7724C0D901C421E95FE2CB8 /* MinSizeRel */,
				76F461C5932F475F86B02636 /* RelWithDebInfo */,
			);
			defaultConfigurationIsVisible = 0;
			defaultConfigurationName = Debug;
		};
		C07692B8FD504578987BEA23 /* Build configuration list for PBXAggregateTarget "ZERO_CHECK" */ = {
			isa = XCConfigurationList;
			buildConfigurations = (
				C32B727052A74860B0DD59E2 /* Debug */,
				C0CE7E006D84428696F9AD9E /* Release */,
				BFC571E0CA544E5A8FB8318D /* MinSizeRel */,
				F57C9DBB8EE54E01A9B28A03 /* RelWithDebInfo */,
			);
			defaultConfigurationIsVisible = 0;
			defaultConfigurationName = Debug;
		};
		D04A5290F79D4237B6555B5A /* Build configuration list for PBXProject "ExtendedKF" */ = {
			isa = XCConfigurationList;
			buildConfigurations = (
				5CD7650C3A8449F39E097426 /* Debug */,
				803FF6C3DC9B4C3E91764F6B /* Release */,
				F9478B8475894854BEAA73D7 /* MinSizeRel */,
				4C5CB2820FFC458BB60FC2D5 /* RelWithDebInfo */,
			);
			defaultConfigurationIsVisible = 0;
			defaultConfigurationName = Debug;
		};
/* End XCConfigurationList section */
	};
	rootObject = 648F81C3847F4B4EB9A76257 /* Project object */;
}
